{
  "name": "vue-stack-grid",
  "version": "0.0.1",
  "lockfileVersion": 1,
  "requires": true,
  "dependencies": {
    "ev-emitter": {
      "version": "1.1.1",
      "resolved": "https://registry.npmjs.org/ev-emitter/-/ev-emitter-1.1.1.tgz",
      "integrity": "sha512-ipiDYhdQSCZ4hSbX4rMW+XzNKMD1prg/sTvoVmSLkuQ1MVlwjJQQA+sW8tMYR3BLUr9KjodFV4pvzunvRhd33Q==",
      "dev": true
    },
    "imagesloaded": {
      "version": "4.1.3",
      "resolved": "https://registry.npmjs.org/imagesloaded/-/imagesloaded-4.1.3.tgz",
      "integrity": "sha512-cjwkbOXFgDAuh1kpAwIvWfcUkQF9NXLlzS38L4szgiYeNCFFyNetblG5/OFzo4JweNxuDOk+5AIPlqFVIBIInA==",
      "dev": true,
      "requires": {
        "ev-emitter": "1.1.1"
      }
    },
    "vue": {
      "version": "2.5.13",
      "resolved": "https://registry.npmjs.org/vue/-/vue-2.5.13.tgz",
      "integrity": "sha512-3D+lY7HTkKbtswDM4BBHgqyq+qo8IAEE8lz8va1dz3LLmttjgo0FxairO4r1iN2OBqk8o1FyL4hvzzTFEdQSEw==",
      "dev": true
    },
    "vue-images-loaded": {
      "version": "1.1.2",
      "resolved": "https://registry.npmjs.org/vue-images-loaded/-/vue-images-loaded-1.1.2.tgz",
      "integrity": "sha1-/E3bf+cIJRvN9hmYeVcUkb9YP8g=",
      "dev": true,
      "requires": {
        "imagesloaded": "4.1.3",
        "vue": "2.5.13"
      }
    }
  }
}
